
Microsoft Visual Studio Solution File, Format Version 12.00
# Visual Studio 2013
VisualStudioVersion = 12.0.40629.0
MinimumVisualStudioVersion = 10.0.40219.1
Project("{FAE04EC0-301F-11D3-BF4B-00C04F79EFBC}") = "WebChat_Api", "WebChat_Api\WebChat_Api.csproj", "{48AC6D70-7152-43F6-B39B-FA095BBBF512}"
EndProject
Project("{2150E333-8FDC-42A3-9474-1A3956D46DE8}") = "1.0 - Modeling and Design", "1.0 - Modeling and Design", "{95C4A5F1-E456-4353-9D7E-CBDE4C8A8F5C}"
EndProject
Project("{2150E333-8FDC-42A3-9474-1A3956D46DE8}") = "1.1 - Presentation", "1.1 - Presentation", "{C9F2B2E4-F341-4FFB-96B1-04594AEE1948}"
EndProject
Project("{2150E333-8FDC-42A3-9474-1A3956D46DE8}") = "1.2 - Application", "1.2 - Application", "{DF2D5BE6-4F09-4E92-B23E-4B928686F1D1}"
EndProject
Project("{2150E333-8FDC-42A3-9474-1A3956D46DE8}") = "1.4 - Infrastructure", "1.4 - Infrastructure", "{7278AD02-576A-449E-BE79-A926AAA6EA2D}"
EndProject
Project("{2150E333-8FDC-42A3-9474-1A3956D46DE8}") = "1.4.2 - Cross Cutting", "1.4.2 - Cross Cutting", "{491A89D5-3FDD-4D22-8412-A2EAFBA4BA62}"
EndProject
Project("{2150E333-8FDC-42A3-9474-1A3956D46DE8}") = "1.4.1 - Data", "1.4.1 - Data", "{4AD1E567-F5D1-496C-B26A-EEFECE40D242}"
EndProject
Project("{FAE04EC0-301F-11D3-BF4B-00C04F79EFBC}") = "Common", "Common\Common.csproj", "{4D457FC2-0F6E-4AD8-8D1C-5A9853089F8A}"
EndProject
Project("{2150E333-8FDC-42A3-9474-1A3956D46DE8}") = "1.1.1 - Web", "1.1.1 - Web", "{712CD191-CB2D-4C27-8647-2CC1D1C7E33F}"
EndProject
Project("{FAE04EC0-301F-11D3-BF4B-00C04F79EFBC}") = "Infrastructure.Data.Core", "Infrastructure.Data.Core\Infrastructure.Data.Core.csproj", "{8E7B08EC-3427-4FD1-B92D-471FEA54B312}"
EndProject
Project("{FAE04EC0-301F-11D3-BF4B-00C04F79EFBC}") = "Infrastructure.CrossCutting", "Infrastructure.CrossCutting\Infrastructure.CrossCutting.csproj", "{0442E139-BA89-418E-BE48-37F39D735D23}"
EndProject
Project("{FAE04EC0-301F-11D3-BF4B-00C04F79EFBC}") = "Infrastructure.CrossCutting.EventBus", "Infrastructure.CrossCutting.EventBus\Infrastructure.CrossCutting.EventBus.csproj", "{2DC5EC13-C12E-48E8-BD4B-804E6C739D74}"
EndProject
Project("{FAE04EC0-301F-11D3-BF4B-00C04F79EFBC}") = "Infrastructure.CrossCutting.NetFramework", "Infrastructure.CrossCutting.NetFramework\Infrastructure.CrossCutting.NetFramework.csproj", "{50B948C1-F74F-41AD-98AE-D81E07F36FF6}"
EndProject
Project("{FAE04EC0-301F-11D3-BF4B-00C04F79EFBC}") = "Infrastructure.CrossCutting.IoC", "Infrastructure.CrossCutting.IoC\Infrastructure.CrossCutting.IoC.csproj", "{E5D0F044-1560-4AAF-B878-5B59064239DF}"
EndProject
Project("{2150E333-8FDC-42A3-9474-1A3956D46DE8}") = "1.3 - Domain", "1.3 - Domain", "{739FD48A-C1E1-4BB3-875F-016C47B9AB49}"
EndProject
Project("{FAE04EC0-301F-11D3-BF4B-00C04F79EFBC}") = "Domain.Core", "Domain.Core\Domain.Core.csproj", "{74A752FB-A134-4DC3-82D1-E2DA3799EB02}"
EndProject
Project("{FAE04EC0-301F-11D3-BF4B-00C04F79EFBC}") = "Domain.Core.Entities", "Domain.Core.Entities\Domain.Core.Entities.csproj", "{FF85D7A9-5BF3-4CCE-97C5-0BD9092E20DC}"
EndProject
Project("{FAE04EC0-301F-11D3-BF4B-00C04F79EFBC}") = "Infrastructure.Data.ExpressModule", "Infrastructure.Data.ExpressModule\Infrastructure.Data.ExpressModule.csproj", "{10A1BBAE-EDAB-4C50-AA8B-D0CE3AB28D6C}"
EndProject
Project("{2150E333-8FDC-42A3-9474-1A3956D46DE8}") = "1.3.1 - Core", "1.3.1 - Core", "{EAF7530A-E076-4B6F-A458-82B02CC9D85D}"
EndProject
Project("{2150E333-8FDC-42A3-9474-1A3956D46DE8}") = "1.3.2 - Modules", "1.3.2 - Modules", "{719CE505-2DDB-4F08-A623-BFB8923C34DE}"
EndProject
Project("{2150E333-8FDC-42A3-9474-1A3956D46DE8}") = "1.4.1.1 - Modules", "1.4.1.1 - Modules", "{504503B5-CC9E-404C-9C7C-27D0965BBD31}"
EndProject
Project("{FAE04EC0-301F-11D3-BF4B-00C04F79EFBC}") = "Domain.ExpressModule", "Domain.ExpressModule\Domain.ExpressModule.csproj", "{3269DEF1-4AD9-4975-93C8-E5F418EFB96F}"
EndProject
Project("{FAE04EC0-301F-11D3-BF4B-00C04F79EFBC}") = "Domain.ExpressModule.Entities", "Domain.ExpressModule.Entities\Domain.ExpressModule.Entities.csproj", "{E0AD382A-78AE-40CA-9335-E7BC056E9933}"
EndProject
Project("{FAE04EC0-301F-11D3-BF4B-00C04F79EFBC}") = "Application.ExpressModule", "Application.ExporessModule\Application.ExpressModule.csproj", "{B99EA238-30AE-4263-B53A-4C3D84CECF9C}"
EndProject
Project("{2150E333-8FDC-42A3-9474-1A3956D46DE8}") = "1.2.2 - ExpressModule", "1.2.2 - ExpressModule", "{375FE82B-D2AD-4BAD-A6D9-B8B5C3C9F245}"
EndProject
Project("{FAE04EC0-301F-11D3-BF4B-00C04F79EFBC}") = "Application.ExpressModule.Tests", "Application.ExpressModule.Tests\Application.ExpressModule.Tests.csproj", "{828011C4-A831-4ABB-8A28-5566F81990C0}"
EndProject
Project("{2150E333-8FDC-42A3-9474-1A3956D46DE8}") = "1.3.2.2 - ExpressModule", "1.3.2.2 - ExpressModule", "{F44FA7B7-AFAD-4967-9362-B4F8C1424309}"
EndProject
Global
	GlobalSection(SolutionConfigurationPlatforms) = preSolution
		Debug|Any CPU = Debug|Any CPU
		Release|Any CPU = Release|Any CPU
	EndGlobalSection
	GlobalSection(ProjectConfigurationPlatforms) = postSolution
		{48AC6D70-7152-43F6-B39B-FA095BBBF512}.Debug|Any CPU.ActiveCfg = Debug|Any CPU
		{48AC6D70-7152-43F6-B39B-FA095BBBF512}.Debug|Any CPU.Build.0 = Debug|Any CPU
		{48AC6D70-7152-43F6-B39B-FA095BBBF512}.Release|Any CPU.ActiveCfg = Release|Any CPU
		{48AC6D70-7152-43F6-B39B-FA095BBBF512}.Release|Any CPU.Build.0 = Release|Any CPU
		{4D457FC2-0F6E-4AD8-8D1C-5A9853089F8A}.Debug|Any CPU.ActiveCfg = Debug|Any CPU
		{4D457FC2-0F6E-4AD8-8D1C-5A9853089F8A}.Debug|Any CPU.Build.0 = Debug|Any CPU
		{4D457FC2-0F6E-4AD8-8D1C-5A9853089F8A}.Release|Any CPU.ActiveCfg = Release|Any CPU
		{4D457FC2-0F6E-4AD8-8D1C-5A9853089F8A}.Release|Any CPU.Build.0 = Release|Any CPU
		{8E7B08EC-3427-4FD1-B92D-471FEA54B312}.Debug|Any CPU.ActiveCfg = Debug|Any CPU
		{8E7B08EC-3427-4FD1-B92D-471FEA54B312}.Debug|Any CPU.Build.0 = Debug|Any CPU
		{8E7B08EC-3427-4FD1-B92D-471FEA54B312}.Release|Any CPU.ActiveCfg = Release|Any CPU
		{8E7B08EC-3427-4FD1-B92D-471FEA54B312}.Release|Any CPU.Build.0 = Release|Any CPU
		{0442E139-BA89-418E-BE48-37F39D735D23}.Debug|Any CPU.ActiveCfg = Debug|Any CPU
		{0442E139-BA89-418E-BE48-37F39D735D23}.Debug|Any CPU.Build.0 = Debug|Any CPU
		{0442E139-BA89-418E-BE48-37F39D735D23}.Release|Any CPU.ActiveCfg = Release|Any CPU
		{0442E139-BA89-418E-BE48-37F39D735D23}.Release|Any CPU.Build.0 = Release|Any CPU
		{2DC5EC13-C12E-48E8-BD4B-804E6C739D74}.Debug|Any CPU.ActiveCfg = Debug|Any CPU
		{2DC5EC13-C12E-48E8-BD4B-804E6C739D74}.Debug|Any CPU.Build.0 = Debug|Any CPU
		{2DC5EC13-C12E-48E8-BD4B-804E6C739D74}.Release|Any CPU.ActiveCfg = Release|Any CPU
		{2DC5EC13-C12E-48E8-BD4B-804E6C739D74}.Release|Any CPU.Build.0 = Release|Any CPU
		{50B948C1-F74F-41AD-98AE-D81E07F36FF6}.Debug|Any CPU.ActiveCfg = Debug|Any CPU
		{50B948C1-F74F-41AD-98AE-D81E07F36FF6}.Debug|Any CPU.Build.0 = Debug|Any CPU
		{50B948C1-F74F-41AD-98AE-D81E07F36FF6}.Release|Any CPU.ActiveCfg = Release|Any CPU
		{50B948C1-F74F-41AD-98AE-D81E07F36FF6}.Release|Any CPU.Build.0 = Release|Any CPU
		{E5D0F044-1560-4AAF-B878-5B59064239DF}.Debug|Any CPU.ActiveCfg = Debug|Any CPU
		{E5D0F044-1560-4AAF-B878-5B59064239DF}.Debug|Any CPU.Build.0 = Debug|Any CPU
		{E5D0F044-1560-4AAF-B878-5B59064239DF}.Release|Any CPU.ActiveCfg = Release|Any CPU
		{E5D0F044-1560-4AAF-B878-5B59064239DF}.Release|Any CPU.Build.0 = Release|Any CPU
		{74A752FB-A134-4DC3-82D1-E2DA3799EB02}.Debug|Any CPU.ActiveCfg = Debug|Any CPU
		{74A752FB-A134-4DC3-82D1-E2DA3799EB02}.Debug|Any CPU.Build.0 = Debug|Any CPU
		{74A752FB-A134-4DC3-82D1-E2DA3799EB02}.Release|Any CPU.ActiveCfg = Release|Any CPU
		{74A752FB-A134-4DC3-82D1-E2DA3799EB02}.Release|Any CPU.Build.0 = Release|Any CPU
		{FF85D7A9-5BF3-4CCE-97C5-0BD9092E20DC}.Debug|Any CPU.ActiveCfg = Debug|Any CPU
		{FF85D7A9-5BF3-4CCE-97C5-0BD9092E20DC}.Debug|Any CPU.Build.0 = Debug|Any CPU
		{FF85D7A9-5BF3-4CCE-97C5-0BD9092E20DC}.Release|Any CPU.ActiveCfg = Release|Any CPU
		{FF85D7A9-5BF3-4CCE-97C5-0BD9092E20DC}.Release|Any CPU.Build.0 = Release|Any CPU
		{10A1BBAE-EDAB-4C50-AA8B-D0CE3AB28D6C}.Debug|Any CPU.ActiveCfg = Debug|Any CPU
		{10A1BBAE-EDAB-4C50-AA8B-D0CE3AB28D6C}.Debug|Any CPU.Build.0 = Debug|Any CPU
		{10A1BBAE-EDAB-4C50-AA8B-D0CE3AB28D6C}.Release|Any CPU.ActiveCfg = Release|Any CPU
		{10A1BBAE-EDAB-4C50-AA8B-D0CE3AB28D6C}.Release|Any CPU.Build.0 = Release|Any CPU
		{3269DEF1-4AD9-4975-93C8-E5F418EFB96F}.Debug|Any CPU.ActiveCfg = Debug|Any CPU
		{3269DEF1-4AD9-4975-93C8-E5F418EFB96F}.Debug|Any CPU.Build.0 = Debug|Any CPU
		{3269DEF1-4AD9-4975-93C8-E5F418EFB96F}.Release|Any CPU.ActiveCfg = Release|Any CPU
		{3269DEF1-4AD9-4975-93C8-E5F418EFB96F}.Release|Any CPU.Build.0 = Release|Any CPU
		{E0AD382A-78AE-40CA-9335-E7BC056E9933}.Debug|Any CPU.ActiveCfg = Debug|Any CPU
		{E0AD382A-78AE-40CA-9335-E7BC056E9933}.Debug|Any CPU.Build.0 = Debug|Any CPU
		{E0AD382A-78AE-40CA-9335-E7BC056E9933}.Release|Any CPU.ActiveCfg = Release|Any CPU
		{E0AD382A-78AE-40CA-9335-E7BC056E9933}.Release|Any CPU.Build.0 = Release|Any CPU
		{B99EA238-30AE-4263-B53A-4C3D84CECF9C}.Debug|Any CPU.ActiveCfg = Debug|Any CPU
		{B99EA238-30AE-4263-B53A-4C3D84CECF9C}.Debug|Any CPU.Build.0 = Debug|Any CPU
		{B99EA238-30AE-4263-B53A-4C3D84CECF9C}.Release|Any CPU.ActiveCfg = Release|Any CPU
		{B99EA238-30AE-4263-B53A-4C3D84CECF9C}.Release|Any CPU.Build.0 = Release|Any CPU
		{828011C4-A831-4ABB-8A28-5566F81990C0}.Debug|Any CPU.ActiveCfg = Debug|Any CPU
		{828011C4-A831-4ABB-8A28-5566F81990C0}.Debug|Any CPU.Build.0 = Debug|Any CPU
		{828011C4-A831-4ABB-8A28-5566F81990C0}.Release|Any CPU.ActiveCfg = Release|Any CPU
		{828011C4-A831-4ABB-8A28-5566F81990C0}.Release|Any CPU.Build.0 = Release|Any CPU
	EndGlobalSection
	GlobalSection(SolutionProperties) = preSolution
		HideSolutionNode = FALSE
	EndGlobalSection
	GlobalSection(NestedProjects) = preSolution
		{48AC6D70-7152-43F6-B39B-FA095BBBF512} = {712CD191-CB2D-4C27-8647-2CC1D1C7E33F}
		{491A89D5-3FDD-4D22-8412-A2EAFBA4BA62} = {7278AD02-576A-449E-BE79-A926AAA6EA2D}
		{4AD1E567-F5D1-496C-B26A-EEFECE40D242} = {7278AD02-576A-449E-BE79-A926AAA6EA2D}
		{4D457FC2-0F6E-4AD8-8D1C-5A9853089F8A} = {491A89D5-3FDD-4D22-8412-A2EAFBA4BA62}
		{712CD191-CB2D-4C27-8647-2CC1D1C7E33F} = {C9F2B2E4-F341-4FFB-96B1-04594AEE1948}
		{8E7B08EC-3427-4FD1-B92D-471FEA54B312} = {4AD1E567-F5D1-496C-B26A-EEFECE40D242}
		{0442E139-BA89-418E-BE48-37F39D735D23} = {491A89D5-3FDD-4D22-8412-A2EAFBA4BA62}
		{2DC5EC13-C12E-48E8-BD4B-804E6C739D74} = {491A89D5-3FDD-4D22-8412-A2EAFBA4BA62}
		{50B948C1-F74F-41AD-98AE-D81E07F36FF6} = {491A89D5-3FDD-4D22-8412-A2EAFBA4BA62}
		{E5D0F044-1560-4AAF-B878-5B59064239DF} = {491A89D5-3FDD-4D22-8412-A2EAFBA4BA62}
		{74A752FB-A134-4DC3-82D1-E2DA3799EB02} = {EAF7530A-E076-4B6F-A458-82B02CC9D85D}
		{FF85D7A9-5BF3-4CCE-97C5-0BD9092E20DC} = {EAF7530A-E076-4B6F-A458-82B02CC9D85D}
		{10A1BBAE-EDAB-4C50-AA8B-D0CE3AB28D6C} = {504503B5-CC9E-404C-9C7C-27D0965BBD31}
		{EAF7530A-E076-4B6F-A458-82B02CC9D85D} = {739FD48A-C1E1-4BB3-875F-016C47B9AB49}
		{719CE505-2DDB-4F08-A623-BFB8923C34DE} = {739FD48A-C1E1-4BB3-875F-016C47B9AB49}
		{504503B5-CC9E-404C-9C7C-27D0965BBD31} = {4AD1E567-F5D1-496C-B26A-EEFECE40D242}
		{3269DEF1-4AD9-4975-93C8-E5F418EFB96F} = {F44FA7B7-AFAD-4967-9362-B4F8C1424309}
		{E0AD382A-78AE-40CA-9335-E7BC056E9933} = {F44FA7B7-AFAD-4967-9362-B4F8C1424309}
		{B99EA238-30AE-4263-B53A-4C3D84CECF9C} = {375FE82B-D2AD-4BAD-A6D9-B8B5C3C9F245}
		{375FE82B-D2AD-4BAD-A6D9-B8B5C3C9F245} = {DF2D5BE6-4F09-4E92-B23E-4B928686F1D1}
		{828011C4-A831-4ABB-8A28-5566F81990C0} = {375FE82B-D2AD-4BAD-A6D9-B8B5C3C9F245}
		{F44FA7B7-AFAD-4967-9362-B4F8C1424309} = {719CE505-2DDB-4F08-A623-BFB8923C34DE}
	EndGlobalSection
EndGlobal
